// !$*UTF8*$!
{
	archiveVersion = 1;
	classes = {
	};
	objectVersion = 46;
	objects = {

/* Begin PBXBuildFile section */
		2E42E7BAC83FECF6B5DB84A7 /* Pods_PokeCheck.framework in Frameworks */ = {isa = PBXBuildFile; fileRef = CF67B2531832DCB2C31FB28B /* Pods_PokeCheck.framework */; };
		5912D6721D642388003D8986 /* AppDelegate.swift in Sources */ = {isa = PBXBuildFile; fileRef = 5912D6711D642388003D8986 /* AppDelegate.swift */; };
		5912D6741D642388003D8986 /* ChecklistViewController.swift in Sources */ = {isa = PBXBuildFile; fileRef = 5912D6731D642388003D8986 /* ChecklistViewController.swift */; };
		5912D6771D642388003D8986 /* Main.storyboard in Resources */ = {isa = PBXBuildFile; fileRef = 5912D6751D642388003D8986 /* Main.storyboard */; };
		5912D6791D642388003D8986 /* Assets.xcassets in Resources */ = {isa = PBXBuildFile; fileRef = 5912D6781D642388003D8986 /* Assets.xcassets */; };
		5912D67C1D642388003D8986 /* LaunchScreen.storyboard in Resources */ = {isa = PBXBuildFile; fileRef = 5912D67A1D642388003D8986 /* LaunchScreen.storyboard */; };
		5912D6871D64A56D003D8986 /* PokemonCell.xib in Resources */ = {isa = PBXBuildFile; fileRef = 5912D6861D64A56D003D8986 /* PokemonCell.xib */; };
		5912D6891D64A591003D8986 /* PokemonCell.swift in Sources */ = {isa = PBXBuildFile; fileRef = 5912D6881D64A591003D8986 /* PokemonCell.swift */; };
		59FCB5D01D792C9000A53F70 /* gif in Resources */ = {isa = PBXBuildFile; fileRef = 59FCB5CF1D792C9000A53F70 /* gif */; };
		59FCB5D21D792CFC00A53F70 /* png in Resources */ = {isa = PBXBuildFile; fileRef = 59FCB5D11D792CFC00A53F70 /* png */; };
		59FCB5E21D79B44100A53F70 /* 001.gif in Resources */ = {isa = PBXBuildFile; fileRef = 59FCB5D41D79B44100A53F70 /* 001.gif */; };
		59FCB5E31D79B44100A53F70 /* 002.gif in Resources */ = {isa = PBXBuildFile; fileRef = 59FCB5D51D79B44100A53F70 /* 002.gif */; };
		59FCB5E41D79B44100A53F70 /* 003-mega.gif in Resources */ = {isa = PBXBuildFile; fileRef = 59FCB5D61D79B44100A53F70 /* 003-mega.gif */; };
		59FCB5E51D79B44100A53F70 /* 003.gif in Resources */ = {isa = PBXBuildFile; fileRef = 59FCB5D71D79B44100A53F70 /* 003.gif */; };
		59FCB5E61D79B44100A53F70 /* 004.gif in Resources */ = {isa = PBXBuildFile; fileRef = 59FCB5D81D79B44100A53F70 /* 004.gif */; };
		59FCB5E71D79B44100A53F70 /* 005.gif in Resources */ = {isa = PBXBuildFile; fileRef = 59FCB5D91D79B44100A53F70 /* 005.gif */; };
		59FCB5E81D79B44100A53F70 /* 006-mega-x.gif in Resources */ = {isa = PBXBuildFile; fileRef = 59FCB5DA1D79B44100A53F70 /* 006-mega-x.gif */; };
		59FCB5E91D79B44100A53F70 /* 006-mega-y.gif in Resources */ = {isa = PBXBuildFile; fileRef = 59FCB5DB1D79B44100A53F70 /* 006-mega-y.gif */; };
		59FCB5EA1D79B44100A53F70 /* 006.gif in Resources */ = {isa = PBXBuildFile; fileRef = 59FCB5DC1D79B44100A53F70 /* 006.gif */; };
		59FCB5EB1D79B44100A53F70 /* 007.gif in Resources */ = {isa = PBXBuildFile; fileRef = 59FCB5DD1D79B44100A53F70 /* 007.gif */; };
		59FCB5EC1D79B44100A53F70 /* 008.gif in Resources */ = {isa = PBXBuildFile; fileRef = 59FCB5DE1D79B44100A53F70 /* 008.gif */; };
		59FCB5ED1D79B44100A53F70 /* 009-mega.gif in Resources */ = {isa = PBXBuildFile; fileRef = 59FCB5DF1D79B44100A53F70 /* 009-mega.gif */; };
		59FCB5EE1D79B44100A53F70 /* 009.gif in Resources */ = {isa = PBXBuildFile; fileRef = 59FCB5E01D79B44100A53F70 /* 009.gif */; };
		59FCB5EF1D79B44100A53F70 /* 010.gif in Resources */ = {isa = PBXBuildFile; fileRef = 59FCB5E11D79B44100A53F70 /* 010.gif */; };
		7F0A4C2D1D77757500E49E18 /* DataModel.xcdatamodeld in Sources */ = {isa = PBXBuildFile; fileRef = 7F0A4C2B1D77757500E49E18 /* DataModel.xcdatamodeld */; };
		7F0A4C311D77819600E49E18 /* DataController.swift in Sources */ = {isa = PBXBuildFile; fileRef = 7F0A4C301D77819600E49E18 /* DataController.swift */; };
		7F1F06F71D7795BA0053EA9E /* Pokemon+CoreDataProperties.swift in Sources */ = {isa = PBXBuildFile; fileRef = 7F1F06F51D7795BA0053EA9E /* Pokemon+CoreDataProperties.swift */; };
		7F1F06F81D7795BA0053EA9E /* Pokemon.swift in Sources */ = {isa = PBXBuildFile; fileRef = 7F1F06F61D7795BA0053EA9E /* Pokemon.swift */; };
/* End PBXBuildFile section */

/* Begin PBXFileReference section */
		31A510B5EAF8BC1B936616B5 /* Pods-PokeCheck.release.xcconfig */ = {isa = PBXFileReference; includeInIndex = 1; lastKnownFileType = text.xcconfig; name = "Pods-PokeCheck.release.xcconfig"; path = "Pods/Target Support Files/Pods-PokeCheck/Pods-PokeCheck.release.xcconfig"; sourceTree = "<group>"; };
		5912D66E1D642388003D8986 /* PokeCheck.app */ = {isa = PBXFileReference; explicitFileType = wrapper.application; includeInIndex = 0; path = PokeCheck.app; sourceTree = BUILT_PRODUCTS_DIR; };
		5912D6711D642388003D8986 /* AppDelegate.swift */ = {isa = PBXFileReference; lastKnownFileType = sourcecode.swift; path = AppDelegate.swift; sourceTree = "<group>"; };
		5912D6731D642388003D8986 /* ChecklistViewController.swift */ = {isa = PBXFileReference; lastKnownFileType = sourcecode.swift; path = ChecklistViewController.swift; sourceTree = "<group>"; };
		5912D6761D642388003D8986 /* Base */ = {isa = PBXFileReference; lastKnownFileType = file.storyboard; name = Base; path = Base.lproj/Main.storyboard; sourceTree = "<group>"; };
		5912D6781D642388003D8986 /* Assets.xcassets */ = {isa = PBXFileReference; lastKnownFileType = folder.assetcatalog; path = Assets.xcassets; sourceTree = "<group>"; };
		5912D67B1D642388003D8986 /* Base */ = {isa = PBXFileReference; lastKnownFileType = file.storyboard; name = Base; path = Base.lproj/LaunchScreen.storyboard; sourceTree = "<group>"; };
		5912D67D1D642388003D8986 /* Info.plist */ = {isa = PBXFileReference; lastKnownFileType = text.plist.xml; path = Info.plist; sourceTree = "<group>"; };
		5912D6861D64A56D003D8986 /* PokemonCell.xib */ = {isa = PBXFileReference; fileEncoding = 4; lastKnownFileType = file.xib; path = PokemonCell.xib; sourceTree = "<group>"; };
		5912D6881D64A591003D8986 /* PokemonCell.swift */ = {isa = PBXFileReference; fileEncoding = 4; lastKnownFileType = sourcecode.swift; path = PokemonCell.swift; sourceTree = "<group>"; };
		59FCB5CF1D792C9000A53F70 /* gif */ = {isa = PBXFileReference; lastKnownFileType = folder; path = gif; sourceTree = "<group>"; };
		59FCB5D11D792CFC00A53F70 /* png */ = {isa = PBXFileReference; lastKnownFileType = folder; path = png; sourceTree = "<group>"; };
		59FCB5D41D79B44100A53F70 /* 001.gif */ = {isa = PBXFileReference; lastKnownFileType = image.gif; name = 001.gif; path = gif/001.gif; sourceTree = "<group>"; };
		59FCB5D51D79B44100A53F70 /* 002.gif */ = {isa = PBXFileReference; lastKnownFileType = image.gif; name = 002.gif; path = gif/002.gif; sourceTree = "<group>"; };
		59FCB5D61D79B44100A53F70 /* 003-mega.gif */ = {isa = PBXFileReference; lastKnownFileType = image.gif; name = "003-mega.gif"; path = "gif/003-mega.gif"; sourceTree = "<group>"; };
		59FCB5D71D79B44100A53F70 /* 003.gif */ = {isa = PBXFileReference; lastKnownFileType = image.gif; name = 003.gif; path = gif/003.gif; sourceTree = "<group>"; };
		59FCB5D81D79B44100A53F70 /* 004.gif */ = {isa = PBXFileReference; lastKnownFileType = image.gif; name = 004.gif; path = gif/004.gif; sourceTree = "<group>"; };
		59FCB5D91D79B44100A53F70 /* 005.gif */ = {isa = PBXFileReference; lastKnownFileType = image.gif; name = 005.gif; path = gif/005.gif; sourceTree = "<group>"; };
		59FCB5DA1D79B44100A53F70 /* 006-mega-x.gif */ = {isa = PBXFileReference; lastKnownFileType = image.gif; name = "006-mega-x.gif"; path = "gif/006-mega-x.gif"; sourceTree = "<group>"; };
		59FCB5DB1D79B44100A53F70 /* 006-mega-y.gif */ = {isa = PBXFileReference; lastKnownFileType = image.gif; name = "006-mega-y.gif"; path = "gif/006-mega-y.gif"; sourceTree = "<group>"; };
		59FCB5DC1D79B44100A53F70 /* 006.gif */ = {isa = PBXFileReference; lastKnownFileType = image.gif; name = 006.gif; path = gif/006.gif; sourceTree = "<group>"; };
		59FCB5DD1D79B44100A53F70 /* 007.gif */ = {isa = PBXFileReference; lastKnownFileType = image.gif; name = 007.gif; path = gif/007.gif; sourceTree = "<group>"; };
		59FCB5DE1D79B44100A53F70 /* 008.gif */ = {isa = PBXFileReference; lastKnownFileType = image.gif; name = 008.gif; path = gif/008.gif; sourceTree = "<group>"; };
		59FCB5DF1D79B44100A53F70 /* 009-mega.gif */ = {isa = PBXFileReference; lastKnownFileType = image.gif; name = "009-mega.gif"; path = "gif/009-mega.gif"; sourceTree = "<group>"; };
		59FCB5E01D79B44100A53F70 /* 009.gif */ = {isa = PBXFileReference; lastKnownFileType = image.gif; name = 009.gif; path = gif/009.gif; sourceTree = "<group>"; };
		59FCB5E11D79B44100A53F70 /* 010.gif */ = {isa = PBXFileReference; lastKnownFileType = image.gif; name = 010.gif; path = gif/010.gif; sourceTree = "<group>"; };
		7F0A4C2C1D77757500E49E18 /* DataModel.xcdatamodel */ = {isa = PBXFileReference; lastKnownFileType = wrapper.xcdatamodel; path = DataModel.xcdatamodel; sourceTree = "<group>"; };
		7F0A4C301D77819600E49E18 /* DataController.swift */ = {isa = PBXFileReference; fileEncoding = 4; lastKnownFileType = sourcecode.swift; name = DataController.swift; path = ../DataController.swift; sourceTree = "<group>"; };
		7F1F06F51D7795BA0053EA9E /* Pokemon+CoreDataProperties.swift */ = {isa = PBXFileReference; fileEncoding = 4; lastKnownFileType = sourcecode.swift; name = "Pokemon+CoreDataProperties.swift"; path = "../Pokemon+CoreDataProperties.swift"; sourceTree = "<group>"; };
		7F1F06F61D7795BA0053EA9E /* Pokemon.swift */ = {isa = PBXFileReference; fileEncoding = 4; lastKnownFileType = sourcecode.swift; name = Pokemon.swift; path = ../Pokemon.swift; sourceTree = "<group>"; };
		CF67B2531832DCB2C31FB28B /* Pods_PokeCheck.framework */ = {isa = PBXFileReference; explicitFileType = wrapper.framework; includeInIndex = 0; path = Pods_PokeCheck.framework; sourceTree = BUILT_PRODUCTS_DIR; };
		E87A5E5914D2110E28D16186 /* Pods-PokeCheck.debug.xcconfig */ = {isa = PBXFileReference; includeInIndex = 1; lastKnownFileType = text.xcconfig; name = "Pods-PokeCheck.debug.xcconfig"; path = "Pods/Target Support Files/Pods-PokeCheck/Pods-PokeCheck.debug.xcconfig"; sourceTree = "<group>"; };
/* End PBXFileReference section */

/* Begin PBXFrameworksBuildPhase section */
		5912D66B1D642388003D8986 /* Frameworks */ = {
			isa = PBXFrameworksBuildPhase;
			buildActionMask = 2147483647;
			files = (
				2E42E7BAC83FECF6B5DB84A7 /* Pods_PokeCheck.framework in Frameworks */,
			);
			runOnlyForDeploymentPostprocessing = 0;
		};
/* End PBXFrameworksBuildPhase section */

/* Begin PBXGroup section */
		2B5C3635BAD5F5213CC46E14 /* Pods */ = {
			isa = PBXGroup;
			children = (
				E87A5E5914D2110E28D16186 /* Pods-PokeCheck.debug.xcconfig */,
				31A510B5EAF8BC1B936616B5 /* Pods-PokeCheck.release.xcconfig */,
			);
			name = Pods;
			sourceTree = "<group>";
		};
		5912D6651D642388003D8986 = {
			isa = PBXGroup;
			children = (
				5912D6701D642388003D8986 /* PokeCheck */,
				5912D66F1D642388003D8986 /* Products */,
				2B5C3635BAD5F5213CC46E14 /* Pods */,
				CA1B6E253A3399393C31C26A /* Frameworks */,
			);
			sourceTree = "<group>";
		};
		5912D66F1D642388003D8986 /* Products */ = {
			isa = PBXGroup;
			children = (
				5912D66E1D642388003D8986 /* PokeCheck.app */,
			);
			name = Products;
			sourceTree = "<group>";
		};
		5912D6701D642388003D8986 /* PokeCheck */ = {
			isa = PBXGroup;
			children = (
				5912D6711D642388003D8986 /* AppDelegate.swift */,
				5912D6841D6426D4003D8986 /* Controllers */,
				7F0A4C2E1D777FEE00E49E18 /* Objects */,
				7F0A4C2F1D777FF700E49E18 /* Extensions */,
				5912D6831D6426CA003D8986 /* Nibs */,
				59FCB5CC1D792C1E00A53F70 /* Assets */,
				5912D6751D642388003D8986 /* Main.storyboard */,
				5912D67A1D642388003D8986 /* LaunchScreen.storyboard */,
				7F0A4C2B1D77757500E49E18 /* DataModel.xcdatamodeld */,
				5912D67D1D642388003D8986 /* Info.plist */,
			);
			path = PokeCheck;
			sourceTree = "<group>";
		};
		5912D6831D6426CA003D8986 /* Nibs */ = {
			isa = PBXGroup;
			children = (
				5912D6861D64A56D003D8986 /* PokemonCell.xib */,
				5912D6881D64A591003D8986 /* PokemonCell.swift */,
			);
			name = Nibs;
			sourceTree = "<group>";
		};
		5912D6841D6426D4003D8986 /* Controllers */ = {
			isa = PBXGroup;
			children = (
				7F0A4C301D77819600E49E18 /* DataController.swift */,
				5912D6851D6426E2003D8986 /* View */,
			);
			name = Controllers;
			sourceTree = "<group>";
		};
		5912D6851D6426E2003D8986 /* View */ = {
			isa = PBXGroup;
			children = (
				5912D6731D642388003D8986 /* ChecklistViewController.swift */,
			);
			name = View;
			sourceTree = "<group>";
		};
		59FCB5CC1D792C1E00A53F70 /* Assets */ = {
			isa = PBXGroup;
			children = (
				59FCB5D31D79B42900A53F70 /* gif */,
				59FCB5D11D792CFC00A53F70 /* png */,
				59FCB5CF1D792C9000A53F70 /* gif */,
				5912D6781D642388003D8986 /* Assets.xcassets */,
			);
			name = Assets;
			sourceTree = "<group>";
		};
		59FCB5D31D79B42900A53F70 /* gif */ = {
			isa = PBXGroup;
			children = (
				59FCB5D41D79B44100A53F70 /* 001.gif */,
				59FCB5D51D79B44100A53F70 /* 002.gif */,
				59FCB5D61D79B44100A53F70 /* 003-mega.gif */,
				59FCB5D71D79B44100A53F70 /* 003.gif */,
				59FCB5D81D79B44100A53F70 /* 004.gif */,
				59FCB5D91D79B44100A53F70 /* 005.gif */,
				59FCB5DA1D79B44100A53F70 /* 006-mega-x.gif */,
				59FCB5DB1D79B44100A53F70 /* 006-mega-y.gif */,
				59FCB5DC1D79B44100A53F70 /* 006.gif */,
				59FCB5DD1D79B44100A53F70 /* 007.gif */,
				59FCB5DE1D79B44100A53F70 /* 008.gif */,
				59FCB5DF1D79B44100A53F70 /* 009-mega.gif */,
				59FCB5E01D79B44100A53F70 /* 009.gif */,
				59FCB5E11D79B44100A53F70 /* 010.gif */,
			);
			name = gif;
			sourceTree = "<group>";
		};
		7F0A4C2E1D777FEE00E49E18 /* Objects */ = {
			isa = PBXGroup;
			children = (
				7F1F06F61D7795BA0053EA9E /* Pokemon.swift */,
			);
			name = Objects;
			sourceTree = "<group>";
		};
		7F0A4C2F1D777FF700E49E18 /* Extensions */ = {
			isa = PBXGroup;
			children = (
				7F1F06F51D7795BA0053EA9E /* Pokemon+CoreDataProperties.swift */,
			);
			name = Extensions;
			sourceTree = "<group>";
		};
		CA1B6E253A3399393C31C26A /* Frameworks */ = {
			isa = PBXGroup;
			children = (
				CF67B2531832DCB2C31FB28B /* Pods_PokeCheck.framework */,
			);
			name = Frameworks;
			sourceTree = "<group>";
		};
/* End PBXGroup section */

/* Begin PBXNativeTarget section */
		5912D66D1D642388003D8986 /* PokeCheck */ = {
			isa = PBXNativeTarget;
			buildConfigurationList = 5912D6801D642388003D8986 /* Build configuration list for PBXNativeTarget "PokeCheck" */;
			buildPhases = (
				FEF709C4AD47AF0515941385 /* [CP] Check Pods Manifest.lock */,
				5912D66A1D642388003D8986 /* Sources */,
				5912D66B1D642388003D8986 /* Frameworks */,
				5912D66C1D642388003D8986 /* Resources */,
				97F80AF0FF0C30CFC0CFDE51 /* [CP] Embed Pods Frameworks */,
				E1824D5162F06612CA204D36 /* [CP] Copy Pods Resources */,
			);
			buildRules = (
			);
			dependencies = (
			);
			name = PokeCheck;
			productName = PokeCheck;
			productReference = 5912D66E1D642388003D8986 /* PokeCheck.app */;
			productType = "com.apple.product-type.application";
		};
/* End PBXNativeTarget section */

/* Begin PBXProject section */
		5912D6661D642388003D8986 /* Project object */ = {
			isa = PBXProject;
			attributes = {
				LastSwiftUpdateCheck = 0730;
				LastUpgradeCheck = 0730;
				ORGANIZATIONNAME = "Ike Mattice";
				TargetAttributes = {
					5912D66D1D642388003D8986 = {
						CreatedOnToolsVersion = 7.3.1;
						DevelopmentTeam = VNA55J4REY;
					};
				};
			};
			buildConfigurationList = 5912D6691D642388003D8986 /* Build configuration list for PBXProject "PokeCheck" */;
			compatibilityVersion = "Xcode 3.2";
			developmentRegion = English;
			hasScannedForEncodings = 0;
			knownRegions = (
				en,
				Base,
			);
			mainGroup = 5912D6651D642388003D8986;
			productRefGroup = 5912D66F1D642388003D8986 /* Products */;
			projectDirPath = "";
			projectRoot = "";
			targets = (
				5912D66D1D642388003D8986 /* PokeCheck */,
			);
		};
/* End PBXProject section */

/* Begin PBXResourcesBuildPhase section */
		5912D66C1D642388003D8986 /* Resources */ = {
			isa = PBXResourcesBuildPhase;
			buildActionMask = 2147483647;
			files = (
				59FCB5EF1D79B44100A53F70 /* 010.gif in Resources */,
				59FCB5E71D79B44100A53F70 /* 005.gif in Resources */,
				59FCB5E81D79B44100A53F70 /* 006-mega-x.gif in Resources */,
				59FCB5EC1D79B44100A53F70 /* 008.gif in Resources */,
				59FCB5EB1D79B44100A53F70 /* 007.gif in Resources */,
				59FCB5D21D792CFC00A53F70 /* png in Resources */,
				59FCB5E41D79B44100A53F70 /* 003-mega.gif in Resources */,
				5912D67C1D642388003D8986 /* LaunchScreen.storyboard in Resources */,
				59FCB5EE1D79B44100A53F70 /* 009.gif in Resources */,
				5912D6871D64A56D003D8986 /* PokemonCell.xib in Resources */,
				59FCB5EA1D79B44100A53F70 /* 006.gif in Resources */,
				59FCB5E51D79B44100A53F70 /* 003.gif in Resources */,
				59FCB5E91D79B44100A53F70 /* 006-mega-y.gif in Resources */,
				59FCB5E61D79B44100A53F70 /* 004.gif in Resources */,
				59FCB5D01D792C9000A53F70 /* gif in Resources */,
				5912D6791D642388003D8986 /* Assets.xcassets in Resources */,
				59FCB5E31D79B44100A53F70 /* 002.gif in Resources */,
				5912D6771D642388003D8986 /* Main.storyboard in Resources */,
				59FCB5ED1D79B44100A53F70 /* 009-mega.gif in Resources */,
				59FCB5E21D79B44100A53F70 /* 001.gif in Resources */,
			);
			runOnlyForDeploymentPostprocessing = 0;
		};
/* End PBXResourcesBuildPhase section */

/* Begin PBXShellScriptBuildPhase section */
		97F80AF0FF0C30CFC0CFDE51 /* [CP] Embed Pods Frameworks */ = {
			isa = PBXShellScriptBuildPhase;
			buildActionMask = 2147483647;
			files = (
			);
			inputPaths = (
			);
			name = "[CP] Embed Pods Frameworks";
			outputPaths = (
			);
			runOnlyForDeploymentPostprocessing = 0;
			shellPath = /bin/sh;
			shellScript = "\"${SRCROOT}/Pods/Target Support Files/Pods-PokeCheck/Pods-PokeCheck-frameworks.sh\"\n";
			showEnvVarsInLog = 0;
		};
		E1824D5162F06612CA204D36 /* [CP] Copy Pods Resources */ = {
			isa = PBXShellScriptBuildPhase;
			buildActionMask = 2147483647;
			files = (
			);
			inputPaths = (
			);
			name = "[CP] Copy Pods Resources";
			outputPaths = (
			);
			runOnlyForDeploymentPostprocessing = 0;
			shellPath = /bin/sh;
			shellScript = "\"${SRCROOT}/Pods/Target Support Files/Pods-PokeCheck/Pods-PokeCheck-resources.sh\"\n";
			showEnvVarsInLog = 0;
		};
		FEF709C4AD47AF0515941385 /* [CP] Check Pods Manifest.lock */ = {
			isa = PBXShellScriptBuildPhase;
			buildActionMask = 2147483647;
			files = (
			);
			inputPaths = (
			);
			name = "[CP] Check Pods Manifest.lock";
			outputPaths = (
			);
			runOnlyForDeploymentPostprocessing = 0;
			shellPath = /bin/sh;
			shellScript = "diff \"${PODS_ROOT}/../Podfile.lock\" \"${PODS_ROOT}/Manifest.lock\" > /dev/null\nif [[ $? != 0 ]] ; then\n    cat << EOM\nerror: The sandbox is not in sync with the Podfile.lock. Run 'pod install' or update your CocoaPods installation.\nEOM\n    exit 1\nfi\n";
			showEnvVarsInLog = 0;
		};
/* End PBXShellScriptBuildPhase section */

/* Begin PBXSourcesBuildPhase section */
		5912D66A1D642388003D8986 /* Sources */ = {
			isa = PBXSourcesBuildPhase;
			buildActionMask = 2147483647;
			files = (
				7F1F06F81D7795BA0053EA9E /* Pokemon.swift in Sources */,
				5912D6741D642388003D8986 /* ChecklistViewController.swift in Sources */,
				7F0A4C311D77819600E49E18 /* DataController.swift in Sources */,
				7F0A4C2D1D77757500E49E18 /* DataModel.xcdatamodeld in Sources */,
				5912D6721D642388003D8986 /* AppDelegate.swift in Sources */,
				7F1F06F71D7795BA0053EA9E /* Pokemon+CoreDataProperties.swift in Sources */,
				5912D6891D64A591003D8986 /* PokemonCell.swift in Sources */,
			);
			runOnlyForDeploymentPostprocessing = 0;
		};
/* End PBXSourcesBuildPhase section */

/* Begin PBXVariantGroup section */
		5912D6751D642388003D8986 /* Main.storyboard */ = {
			isa = PBXVariantGroup;
			children = (
				5912D6761D642388003D8986 /* Base */,
			);
			name = Main.storyboard;
			sourceTree = "<group>";
		};
		5912D67A1D642388003D8986 /* LaunchScreen.storyboard */ = {
			isa = PBXVariantGroup;
			children = (
				5912D67B1D642388003D8986 /* Base */,
			);
			name = LaunchScreen.storyboard;
			sourceTree = "<group>";
		};
/* End PBXVariantGroup section */

/* Begin XCBuildConfiguration section */
		5912D67E1D642388003D8986 /* Debug */ = {
			isa = XCBuildConfiguration;
			buildSettings = {
				ALWAYS_SEARCH_USER_PATHS = NO;
				CLANG_ANALYZER_NONNULL = YES;
				CLANG_CXX_LANGUAGE_STANDARD = "gnu++0x";
				CLANG_CXX_LIBRARY = "libc++";
				CLANG_ENABLE_MODULES = YES;
				CLANG_ENABLE_OBJC_ARC = YES;
				CLANG_WARN_BOOL_CONVERSION = YES;
				CLANG_WARN_CONSTANT_CONVERSION = YES;
				CLANG_WARN_DIRECT_OBJC_ISA_USAGE = YES_ERROR;
				CLANG_WARN_EMPTY_BODY = YES;
				CLANG_WARN_ENUM_CONVERSION = YES;
				CLANG_WARN_INT_CONVERSION = YES;
				CLANG_WARN_OBJC_ROOT_CLASS = YES_ERROR;
				CLANG_WARN_UNREACHABLE_CODE = YES;
				CLANG_WARN__DUPLICATE_METHOD_MATCH = YES;
				"CODE_SIGN_IDENTITY[sdk=iphoneos*]" = "iPhone Developer";
				COPY_PHASE_STRIP = NO;
				DEBUG_INFORMATION_FORMAT = dwarf;
				ENABLE_STRICT_OBJC_MSGSEND = YES;
				ENABLE_TESTABILITY = YES;
				GCC_C_LANGUAGE_STANDARD = gnu99;
				GCC_DYNAMIC_NO_PIC = NO;
				GCC_NO_COMMON_BLOCKS = YES;
				GCC_OPTIMIZATION_LEVEL = 0;
				GCC_PREPROCESSOR_DEFINITIONS = (
					"DEBUG=1",
					"$(inherited)",
				);
				GCC_WARN_64_TO_32_BIT_CONVERSION = YES;
				GCC_WARN_ABOUT_RETURN_TYPE = YES_ERROR;
				GCC_WARN_UNDECLARED_SELECTOR = YES;
				GCC_WARN_UNINITIALIZED_AUTOS = YES_AGGRESSIVE;
				GCC_WARN_UNUSED_FUNCTION = YES;
				GCC_WARN_UNUSED_VARIABLE = YES;
				IPHONEOS_DEPLOYMENT_TARGET = 9.3;
				MTL_ENABLE_DEBUG_INFO = YES;
				ONLY_ACTIVE_ARCH = YES;
				SDKROOT = iphoneos;
				SWIFT_OPTIMIZATION_LEVEL = "-Onone";
			};
			name = Debug;
		};
		5912D67F1D642388003D8986 /* Release */ = {
			isa = XCBuildConfiguration;
			buildSettings = {
				ALWAYS_SEARCH_USER_PATHS = NO;
				CLANG_ANALYZER_NONNULL = YES;
				CLANG_CXX_LANGUAGE_STANDARD = "gnu++0x";
				CLANG_CXX_LIBRARY = "libc++";
				CLANG_ENABLE_MODULES = YES;
				CLANG_ENABLE_OBJC_ARC = YES;
				CLANG_WARN_BOOL_CONVERSION = YES;
				CLANG_WARN_CONSTANT_CONVERSION = YES;
				CLANG_WARN_DIRECT_OBJC_ISA_USAGE = YES_ERROR;
				CLANG_WARN_EMPTY_BODY = YES;
				CLANG_WARN_ENUM_CONVERSION = YES;
				CLANG_WARN_INT_CONVERSION = YES;
				CLANG_WARN_OBJC_ROOT_CLASS = YES_ERROR;
				CLANG_WARN_UNREACHABLE_CODE = YES;
				CLANG_WARN__DUPLICATE_METHOD_MATCH = YES;
				"CODE_SIGN_IDENTITY[sdk=iphoneos*]" = "iPhone Developer";
				COPY_PHASE_STRIP = NO;
				DEBUG_INFORMATION_FORMAT = "dwarf-with-dsym";
				ENABLE_NS_ASSERTIONS = NO;
				ENABLE_STRICT_OBJC_MSGSEND = YES;
				GCC_C_LANGUAGE_STANDARD = gnu99;
				GCC_NO_COMMON_BLOCKS = YES;
				GCC_WARN_64_TO_32_BIT_CONVERSION = YES;
				GCC_WARN_ABOUT_RETURN_TYPE = YES_ERROR;
				GCC_WARN_UNDECLARED_SELECTOR = YES;
				GCC_WARN_UNINITIALIZED_AUTOS = YES_AGGRESSIVE;
				GCC_WARN_UNUSED_FUNCTION = YES;
				GCC_WARN_UNUSED_VARIABLE = YES;
				IPHONEOS_DEPLOYMENT_TARGET = 9.3;
				MTL_ENABLE_DEBUG_INFO = NO;
				SDKROOT = iphoneos;
				VALIDATE_PRODUCT = YES;
			};
			name = Release;
		};
		5912D6811D642388003D8986 /* Debug */ = {
			isa = XCBuildConfiguration;
			baseConfigurationReference = E87A5E5914D2110E28D16186 /* Pods-PokeCheck.debug.xcconfig */;
			buildSettings = {
				ASSETCATALOG_COMPILER_APPICON_NAME = AppIcon;
				INFOPLIST_FILE = PokeCheck/Info.plist;
				LD_RUNPATH_SEARCH_PATHS = "$(inherited) @executable_path/Frameworks";
				PRODUCT_BUNDLE_IDENTIFIER = "Ike-Mattice.PokeCheck";
				PRODUCT_NAME = "$(TARGET_NAME)";
			};
			name = Debug;
		};
		5912D6821D642388003D8986 /* Release */ = {
			isa = XCBuildConfiguration;
			baseConfigurationReference = 31A510B5EAF8BC1B936616B5 /* Pods-PokeCheck.release.xcconfig */;
			buildSettings = {
				ASSETCATALOG_COMPILER_APPICON_NAME = AppIcon;
				INFOPLIST_FILE = PokeCheck/Info.plist;
				LD_RUNPATH_SEARCH_PATHS = "$(inherited) @executable_path/Frameworks";
				PRODUCT_BUNDLE_IDENTIFIER = "Ike-Mattice.PokeCheck";
				PRODUCT_NAME = "$(TARGET_NAME)";
			};
			name = Release;
		};
/* End XCBuildConfiguration section */

/* Begin XCConfigurationList section */
		5912D6691D642388003D8986 /* Build configuration list for PBXProject "PokeCheck" */ = {
			isa = XCConfigurationList;
			buildConfigurations = (
				5912D67E1D642388003D8986 /* Debug */,
				5912D67F1D642388003D8986 /* Release */,
			);
			defaultConfigurationIsVisible = 0;
			defaultConfigurationName = Release;
		};
		5912D6801D642388003D8986 /* Build configuration list for PBXNativeTarget "PokeCheck" */ = {
			isa = XCConfigurationList;
			buildConfigurations = (
				5912D6811D642388003D8986 /* Debug */,
				5912D6821D642388003D8986 /* Release */,
			);
			defaultConfigurationIsVisible = 0;
			defaultConfigurationName = Release;
		};
/* End XCConfigurationList section */

/* Begin XCVersionGroup section */
		7F0A4C2B1D77757500E49E18 /* DataModel.xcdatamodeld */ = {
			isa = XCVersionGroup;
			children = (
				7F0A4C2C1D77757500E49E18 /* DataModel.xcdatamodel */,
			);
			currentVersion = 7F0A4C2C1D77757500E49E18 /* DataModel.xcdatamodel */;
			path = DataModel.xcdatamodeld;
			sourceTree = "<group>";
			versionGroupType = wrapper.xcdatamodel;
		};
/* End XCVersionGroup section */
	};
	rootObject = 5912D6661D642388003D8986 /* Project object */;
}
